
Microsoft Visual Studio Solution File, Format Version 12.00
# Visual Studio Version 17
VisualStudioVersion = 17.6.33815.320
MinimumVisualStudioVersion = 10.0.40219.1
Project("{2150E333-8FDC-42A3-9474-1A3956D46DE8}") = "FrontEnd", "FrontEnd", "{9A39BA0D-96E4-4241-B2A4-4766E61CA3AE}"
EndProject
Project("{2150E333-8FDC-42A3-9474-1A3956D46DE8}") = "Gateway", "Gateway", "{68F66338-3B06-4017-AB80-E3887CA793EF}"
EndProject
Project("{2150E333-8FDC-42A3-9474-1A3956D46DE8}") = "Integration", "Integration", "{30D1D31C-258F-46BB-B8CF-84C0D9B26CD1}"
EndProject
Project("{2150E333-8FDC-42A3-9474-1A3956D46DE8}") = "Services", "Services", "{FD7C6A09-506B-4F6F-8AD2-3D61CC1AD152}"
EndProject
Project("{9A19103F-16F7-4668-BE54-9A1E7A4F7556}") = "Mango.Services.CouponAPI", "Mango.Services.CouponAPI\Mango.Services.CouponAPI.csproj", "{9FC7045D-823F-4E97-8CC3-B5E02B6B15CA}"
EndProject
Project("{9A19103F-16F7-4668-BE54-9A1E7A4F7556}") = "Mango.Web", "Mango.Web\Mango.Web.csproj", "{86813B85-633F-45AE-AA75-A52739BC981B}"
EndProject
Project("{9A19103F-16F7-4668-BE54-9A1E7A4F7556}") = "Mango.Services.AuthAPI", "Mango.Services.AuthAPI\Mango.Services.AuthAPI.csproj", "{3EF183F8-5743-4F23-BCB2-E8A27CC07D92}"
EndProject
Project("{9A19103F-16F7-4668-BE54-9A1E7A4F7556}") = "Mango.Services.ProductAPI", "Mango.Services.ProductAPI\Mango.Services.ProductAPI.csproj", "{9F8398D1-6CDB-4B0B-A33D-5C2619ACB671}"
EndProject
Project("{9A19103F-16F7-4668-BE54-9A1E7A4F7556}") = "Mango.Services.ShoppingCartAPI", "Mango.Services.ShoppingCartAPI\Mango.Services.ShoppingCartAPI.csproj", "{37DE5900-089E-4A3F-A129-152769262EB7}"
EndProject
Project("{FAE04EC0-301F-11D3-BF4B-00C04F79EFBC}") = "Mango.Services.OrderAPI", "Mango.Services.OrderAPI\Mango.Services.OrderAPI.csproj", "{94F06C76-959C-401A-BDCB-359BAEFB9936}"
EndProject
Global
	GlobalSection(SolutionConfigurationPlatforms) = preSolution
		Debug|Any CPU = Debug|Any CPU
		Release|Any CPU = Release|Any CPU
	EndGlobalSection
	GlobalSection(ProjectConfigurationPlatforms) = postSolution
		{9FC7045D-823F-4E97-8CC3-B5E02B6B15CA}.Debug|Any CPU.ActiveCfg = Debug|Any CPU
		{9FC7045D-823F-4E97-8CC3-B5E02B6B15CA}.Debug|Any CPU.Build.0 = Debug|Any CPU
		{9FC7045D-823F-4E97-8CC3-B5E02B6B15CA}.Release|Any CPU.ActiveCfg = Release|Any CPU
		{9FC7045D-823F-4E97-8CC3-B5E02B6B15CA}.Release|Any CPU.Build.0 = Release|Any CPU
		{86813B85-633F-45AE-AA75-A52739BC981B}.Debug|Any CPU.ActiveCfg = Debug|Any CPU
		{86813B85-633F-45AE-AA75-A52739BC981B}.Debug|Any CPU.Build.0 = Debug|Any CPU
		{86813B85-633F-45AE-AA75-A52739BC981B}.Release|Any CPU.ActiveCfg = Release|Any CPU
		{86813B85-633F-45AE-AA75-A52739BC981B}.Release|Any CPU.Build.0 = Release|Any CPU
		{3EF183F8-5743-4F23-BCB2-E8A27CC07D92}.Debug|Any CPU.ActiveCfg = Debug|Any CPU
		{3EF183F8-5743-4F23-BCB2-E8A27CC07D92}.Debug|Any CPU.Build.0 = Debug|Any CPU
		{3EF183F8-5743-4F23-BCB2-E8A27CC07D92}.Release|Any CPU.ActiveCfg = Release|Any CPU
		{3EF183F8-5743-4F23-BCB2-E8A27CC07D92}.Release|Any CPU.Build.0 = Release|Any CPU
		{9F8398D1-6CDB-4B0B-A33D-5C2619ACB671}.Debug|Any CPU.ActiveCfg = Debug|Any CPU
		{9F8398D1-6CDB-4B0B-A33D-5C2619ACB671}.Debug|Any CPU.Build.0 = Debug|Any CPU
		{9F8398D1-6CDB-4B0B-A33D-5C2619ACB671}.Release|Any CPU.ActiveCfg = Release|Any CPU
		{9F8398D1-6CDB-4B0B-A33D-5C2619ACB671}.Release|Any CPU.Build.0 = Release|Any CPU
		{37DE5900-089E-4A3F-A129-152769262EB7}.Debug|Any CPU.ActiveCfg = Debug|Any CPU
		{37DE5900-089E-4A3F-A129-152769262EB7}.Debug|Any CPU.Build.0 = Debug|Any CPU
		{37DE5900-089E-4A3F-A129-152769262EB7}.Release|Any CPU.ActiveCfg = Release|Any CPU
		{37DE5900-089E-4A3F-A129-152769262EB7}.Release|Any CPU.Build.0 = Release|Any CPU
		{94F06C76-959C-401A-BDCB-359BAEFB9936}.Debug|Any CPU.ActiveCfg = Debug|Any CPU
		{94F06C76-959C-401A-BDCB-359BAEFB9936}.Debug|Any CPU.Build.0 = Debug|Any CPU
		{94F06C76-959C-401A-BDCB-359BAEFB9936}.Release|Any CPU.ActiveCfg = Release|Any CPU
		{94F06C76-959C-401A-BDCB-359BAEFB9936}.Release|Any CPU.Build.0 = Release|Any CPU
	EndGlobalSection
	GlobalSection(SolutionProperties) = preSolution
		HideSolutionNode = FALSE
	EndGlobalSection
	GlobalSection(NestedProjects) = preSolution
		{9FC7045D-823F-4E97-8CC3-B5E02B6B15CA} = {FD7C6A09-506B-4F6F-8AD2-3D61CC1AD152}
		{86813B85-633F-45AE-AA75-A52739BC981B} = {9A39BA0D-96E4-4241-B2A4-4766E61CA3AE}
		{3EF183F8-5743-4F23-BCB2-E8A27CC07D92} = {FD7C6A09-506B-4F6F-8AD2-3D61CC1AD152}
		{9F8398D1-6CDB-4B0B-A33D-5C2619ACB671} = {FD7C6A09-506B-4F6F-8AD2-3D61CC1AD152}
		{37DE5900-089E-4A3F-A129-152769262EB7} = {FD7C6A09-506B-4F6F-8AD2-3D61CC1AD152}
		{94F06C76-959C-401A-BDCB-359BAEFB9936} = {FD7C6A09-506B-4F6F-8AD2-3D61CC1AD152}
	EndGlobalSection
	GlobalSection(ExtensibilityGlobals) = postSolution
		SolutionGuid = {814F70A6-7C35-42FA-81C4-00F0F4650050}
	EndGlobalSection
EndGlobal
